
Microsoft Visual Studio Solution File, Format Version 12.00
# Visual Studio Version 17
VisualStudioVersion = 17.7.34202.233
MinimumVisualStudioVersion = 10.0.40219.1
Project("{FAE04EC0-301F-11D3-BF4B-00C04F79EFBC}") = "1_TypesAndVariables", "1_TypesAndVariables\1_TypesAndVariables.csproj", "{66571188-15E3-4907-B244-B3ED25FDB2DB}"
EndProject
Project("{FAE04EC0-301F-11D3-BF4B-00C04F79EFBC}") = "2_Conditionals", "2_Conditionals\2_Conditionals.csproj", "{40651A9C-ED72-4A27-8089-62F9457145F5}"
EndProject
Project("{FAE04EC0-301F-11D3-BF4B-00C04F79EFBC}") = "3_Methods", "3_Methods\3_Methods.csproj", "{3A7DED5A-050A-43C9-BCE9-615AA9EB420D}"
EndProject
Project("{FAE04EC0-301F-11D3-BF4B-00C04F79EFBC}") = "4_Arrays", "4_Arrays\4_Arrays.csproj", "{33A09F79-38D8-4EC4-9132-E2CE2A59DF47}"
EndProject
Global
	GlobalSection(SolutionConfigurationPlatforms) = preSolution
		Debug|Any CPU = Debug|Any CPU
		Release|Any CPU = Release|Any CPU
	EndGlobalSection
	GlobalSection(ProjectConfigurationPlatforms) = postSolution
		{66571188-15E3-4907-B244-B3ED25FDB2DB}.Debug|Any CPU.ActiveCfg = Debug|Any CPU
		{66571188-15E3-4907-B244-B3ED25FDB2DB}.Debug|Any CPU.Build.0 = Debug|Any CPU
		{66571188-15E3-4907-B244-B3ED25FDB2DB}.Release|Any CPU.ActiveCfg = Release|Any CPU
		{66571188-15E3-4907-B244-B3ED25FDB2DB}.Release|Any CPU.Build.0 = Release|Any CPU
		{40651A9C-ED72-4A27-8089-62F9457145F5}.Debug|Any CPU.ActiveCfg = Debug|Any CPU
		{40651A9C-ED72-4A27-8089-62F9457145F5}.Debug|Any CPU.Build.0 = Debug|Any CPU
		{40651A9C-ED72-4A27-8089-62F9457145F5}.Release|Any CPU.ActiveCfg = Release|Any CPU
		{40651A9C-ED72-4A27-8089-62F9457145F5}.Release|Any CPU.Build.0 = Release|Any CPU
		{3A7DED5A-050A-43C9-BCE9-615AA9EB420D}.Debug|Any CPU.ActiveCfg = Debug|Any CPU
		{3A7DED5A-050A-43C9-BCE9-615AA9EB420D}.Debug|Any CPU.Build.0 = Debug|Any CPU
		{3A7DED5A-050A-43C9-BCE9-615AA9EB420D}.Release|Any CPU.ActiveCfg = Release|Any CPU
		{3A7DED5A-050A-43C9-BCE9-615AA9EB420D}.Release|Any CPU.Build.0 = Release|Any CPU
		{33A09F79-38D8-4EC4-9132-E2CE2A59DF47}.Debug|Any CPU.ActiveCfg = Debug|Any CPU
		{33A09F79-38D8-4EC4-9132-E2CE2A59DF47}.Debug|Any CPU.Build.0 = Debug|Any CPU
		{33A09F79-38D8-4EC4-9132-E2CE2A59DF47}.Release|Any CPU.ActiveCfg = Release|Any CPU
		{33A09F79-38D8-4EC4-9132-E2CE2A59DF47}.Release|Any CPU.Build.0 = Release|Any CPU
	EndGlobalSection
	GlobalSection(SolutionProperties) = preSolution
		HideSolutionNode = FALSE
	EndGlobalSection
	GlobalSection(ExtensibilityGlobals) = postSolution
		SolutionGuid = {A7960218-066C-480C-A62A-9FA978C2A9F1}
	EndGlobalSection
EndGlobal
